{
  "name": "sjtu-user-scripts",
  "version": "1.0.0",
  "lockfileVersion": 3,
  "requires": true,
  "packages": {
    "": {
      "name": "sjtu-user-scripts",
      "version": "1.0.0",
      "license": "UNLICENSED",
      "devDependencies": {
        "ical.js": "^2.2.1"
      },
      "engines": {
        "node": ">=22"
      }
    },
    "node_modules/ical.js": {
      "version": "2.2.1",
      "resolved": "https://registry.npmmirror.com/ical.js/-/ical.js-2.2.1.tgz",
      "integrity": "sha512-yK/UlPbEs316igb/tjRgbFA8ZV75rCsBJp/hWOatpyaPNlgw0dGDmU+FoicOcwX4xXkeXOkYiOmCqNPFpNPkQg==",
      "dev": true,
      "license": "MPL-2.0"
    }
  }
}
